
Microsoft Visual Studio Solution File, Format Version 12.00
# Visual Studio Version 17
VisualStudioVersion = 17.7.34031.279
MinimumVisualStudioVersion = 10.0.40219.1
Project("{FAE04EC0-301F-11D3-BF4B-00C04F79EFBC}") = "AIUBBookStoreManagement", "AIUBBookStoreManagement\AIUBBookStoreManagement.csproj", "{5B1CF8A1-22EC-4F2D-9800-B4E91733FA45}"
EndProject
Project("{FAE04EC0-301F-11D3-BF4B-00C04F79EFBC}") = "DAL", "DAL\DAL.csproj", "{B9C9CEAC-720D-44A4-9CC6-0CE72B5B8763}"
EndProject
Project("{FAE04EC0-301F-11D3-BF4B-00C04F79EFBC}") = "BLL", "BLL\BLL.csproj", "{A37C22A8-D6B1-4332-BAB0-5B07C9715B4E}"
EndProject
Global
	GlobalSection(SolutionConfigurationPlatforms) = preSolution
		Debug|Any CPU = Debug|Any CPU
		Release|Any CPU = Release|Any CPU
	EndGlobalSection
	GlobalSection(ProjectConfigurationPlatforms) = postSolution
		{5B1CF8A1-22EC-4F2D-9800-B4E91733FA45}.Debug|Any CPU.ActiveCfg = Debug|Any CPU
		{5B1CF8A1-22EC-4F2D-9800-B4E91733FA45}.Debug|Any CPU.Build.0 = Debug|Any CPU
		{5B1CF8A1-22EC-4F2D-9800-B4E91733FA45}.Release|Any CPU.ActiveCfg = Release|Any CPU
		{5B1CF8A1-22EC-4F2D-9800-B4E91733FA45}.Release|Any CPU.Build.0 = Release|Any CPU
		{B9C9CEAC-720D-44A4-9CC6-0CE72B5B8763}.Debug|Any CPU.ActiveCfg = Debug|Any CPU
		{B9C9CEAC-720D-44A4-9CC6-0CE72B5B8763}.Debug|Any CPU.Build.0 = Debug|Any CPU
		{B9C9CEAC-720D-44A4-9CC6-0CE72B5B8763}.Release|Any CPU.ActiveCfg = Release|Any CPU
		{B9C9CEAC-720D-44A4-9CC6-0CE72B5B8763}.Release|Any CPU.Build.0 = Release|Any CPU
		{A37C22A8-D6B1-4332-BAB0-5B07C9715B4E}.Debug|Any CPU.ActiveCfg = Debug|Any CPU
		{A37C22A8-D6B1-4332-BAB0-5B07C9715B4E}.Debug|Any CPU.Build.0 = Debug|Any CPU
		{A37C22A8-D6B1-4332-BAB0-5B07C9715B4E}.Release|Any CPU.ActiveCfg = Release|Any CPU
		{A37C22A8-D6B1-4332-BAB0-5B07C9715B4E}.Release|Any CPU.Build.0 = Release|Any CPU
	EndGlobalSection
	GlobalSection(SolutionProperties) = preSolution
		HideSolutionNode = FALSE
	EndGlobalSection
	GlobalSection(ExtensibilityGlobals) = postSolution
		SolutionGuid = {1D769FB0-3739-4AF5-9D16-801EDD0E41B3}
	EndGlobalSection
EndGlobal
